// !$*UTF8*$!
{
	archiveVersion = 1;
	classes = {
	};
	objectVersion = 50;
	objects = {

/* Begin PBXBuildFile section */
		FA4EEDFC21F5AC8900BADE85 /* AppDelegate.swift in Sources */ = {isa = PBXBuildFile; fileRef = FA4EEDFB21F5AC8900BADE85 /* AppDelegate.swift */; };
		FA4EEDFE21F5AC8900BADE85 /* MainVC.swift in Sources */ = {isa = PBXBuildFile; fileRef = FA4EEDFD21F5AC8900BADE85 /* MainVC.swift */; };
		FA4EEE0121F5AC8900BADE85 /* Main.storyboard in Resources */ = {isa = PBXBuildFile; fileRef = FA4EEDFF21F5AC8900BADE85 /* Main.storyboard */; };
		FA4EEE0321F5AC8C00BADE85 /* Assets.xcassets in Resources */ = {isa = PBXBuildFile; fileRef = FA4EEE0221F5AC8C00BADE85 /* Assets.xcassets */; };
		FA4EEE0621F5AC8C00BADE85 /* LaunchScreen.storyboard in Resources */ = {isa = PBXBuildFile; fileRef = FA4EEE0421F5AC8C00BADE85 /* LaunchScreen.storyboard */; };
		FA4EEE1021F5AF0B00BADE85 /* CurrencyTxtField.swift in Sources */ = {isa = PBXBuildFile; fileRef = FA4EEE0F21F5AF0B00BADE85 /* CurrencyTxtField.swift */; };
		FA4EEE1821F5CD7600BADE85 /* window_shopperTests.swift in Sources */ = {isa = PBXBuildFile; fileRef = FA4EEE1721F5CD7600BADE85 /* window_shopperTests.swift */; };
		FA4EEE2121F5CD8F00BADE85 /* Wage.swift in Sources */ = {isa = PBXBuildFile; fileRef = FA4EEE2021F5CD8F00BADE85 /* Wage.swift */; };
		FA4EEE2221F5CD8F00BADE85 /* Wage.swift in Sources */ = {isa = PBXBuildFile; fileRef = FA4EEE2021F5CD8F00BADE85 /* Wage.swift */; };
/* End PBXBuildFile section */

/* Begin PBXContainerItemProxy section */
		FA4EEE1A21F5CD7600BADE85 /* PBXContainerItemProxy */ = {
			isa = PBXContainerItemProxy;
			containerPortal = FA4EEDF021F5AC8800BADE85 /* Project object */;
			proxyType = 1;
			remoteGlobalIDString = FA4EEDF721F5AC8800BADE85;
			remoteInfo = window_shopper;
		};
/* End PBXContainerItemProxy section */

/* Begin PBXFileReference section */
		FA4EEDF821F5AC8800BADE85 /* window_shopper.app */ = {isa = PBXFileReference; explicitFileType = wrapper.application; includeInIndex = 0; path = window_shopper.app; sourceTree = BUILT_PRODUCTS_DIR; };
		FA4EEDFB21F5AC8900BADE85 /* AppDelegate.swift */ = {isa = PBXFileReference; lastKnownFileType = sourcecode.swift; path = AppDelegate.swift; sourceTree = "<group>"; };
		FA4EEDFD21F5AC8900BADE85 /* MainVC.swift */ = {isa = PBXFileReference; lastKnownFileType = sourcecode.swift; path = MainVC.swift; sourceTree = "<group>"; };
		FA4EEE0021F5AC8900BADE85 /* Base */ = {isa = PBXFileReference; lastKnownFileType = file.storyboard; name = Base; path = Base.lproj/Main.storyboard; sourceTree = "<group>"; };
		FA4EEE0221F5AC8C00BADE85 /* Assets.xcassets */ = {isa = PBXFileReference; lastKnownFileType = folder.assetcatalog; path = Assets.xcassets; sourceTree = "<group>"; };
		FA4EEE0521F5AC8C00BADE85 /* Base */ = {isa = PBXFileReference; lastKnownFileType = file.storyboard; name = Base; path = Base.lproj/LaunchScreen.storyboard; sourceTree = "<group>"; };
		FA4EEE0721F5AC8C00BADE85 /* Info.plist */ = {isa = PBXFileReference; lastKnownFileType = text.plist.xml; path = Info.plist; sourceTree = "<group>"; };
		FA4EEE0F21F5AF0B00BADE85 /* CurrencyTxtField.swift */ = {isa = PBXFileReference; lastKnownFileType = sourcecode.swift; path = CurrencyTxtField.swift; sourceTree = "<group>"; };
		FA4EEE1521F5CD7500BADE85 /* window_shopperTests.xctest */ = {isa = PBXFileReference; explicitFileType = wrapper.cfbundle; includeInIndex = 0; path = window_shopperTests.xctest; sourceTree = BUILT_PRODUCTS_DIR; };
		FA4EEE1721F5CD7600BADE85 /* window_shopperTests.swift */ = {isa = PBXFileReference; lastKnownFileType = sourcecode.swift; path = window_shopperTests.swift; sourceTree = "<group>"; };
		FA4EEE1921F5CD7600BADE85 /* Info.plist */ = {isa = PBXFileReference; lastKnownFileType = text.plist.xml; path = Info.plist; sourceTree = "<group>"; };
		FA4EEE2021F5CD8F00BADE85 /* Wage.swift */ = {isa = PBXFileReference; lastKnownFileType = sourcecode.swift; path = Wage.swift; sourceTree = "<group>"; };
/* End PBXFileReference section */

/* Begin PBXFrameworksBuildPhase section */
		FA4EEDF521F5AC8800BADE85 /* Frameworks */ = {
			isa = PBXFrameworksBuildPhase;
			buildActionMask = 2147483647;
			files = (
			);
			runOnlyForDeploymentPostprocessing = 0;
		};
		FA4EEE1221F5CD7500BADE85 /* Frameworks */ = {
			isa = PBXFrameworksBuildPhase;
			buildActionMask = 2147483647;
			files = (
			);
			runOnlyForDeploymentPostprocessing = 0;
		};
/* End PBXFrameworksBuildPhase section */

/* Begin PBXGroup section */
		FA4EEDEF21F5AC8800BADE85 = {
			isa = PBXGroup;
			children = (
				FA4EEDFA21F5AC8800BADE85 /* window_shopper */,
				FA4EEE1621F5CD7600BADE85 /* window_shopperTests */,
				FA4EEDF921F5AC8800BADE85 /* Products */,
			);
			sourceTree = "<group>";
		};
		FA4EEDF921F5AC8800BADE85 /* Products */ = {
			isa = PBXGroup;
			children = (
				FA4EEDF821F5AC8800BADE85 /* window_shopper.app */,
				FA4EEE1521F5CD7500BADE85 /* window_shopperTests.xctest */,
			);
			name = Products;
			sourceTree = "<group>";
		};
		FA4EEDFA21F5AC8800BADE85 /* window_shopper */ = {
			isa = PBXGroup;
			children = (
				FA4EEE1F21F5CD7C00BADE85 /* Model */,
				FA4EEE0E21F5AD8900BADE85 /* View */,
				FA4EEE0D21F5AD6700BADE85 /* Controller */,
				FA4EEDFB21F5AC8900BADE85 /* AppDelegate.swift */,
				FA4EEDFF21F5AC8900BADE85 /* Main.storyboard */,
				FA4EEE0221F5AC8C00BADE85 /* Assets.xcassets */,
				FA4EEE0421F5AC8C00BADE85 /* LaunchScreen.storyboard */,
				FA4EEE0721F5AC8C00BADE85 /* Info.plist */,
			);
			path = window_shopper;
			sourceTree = "<group>";
		};
		FA4EEE0D21F5AD6700BADE85 /* Controller */ = {
			isa = PBXGroup;
			children = (
				FA4EEDFD21F5AC8900BADE85 /* MainVC.swift */,
			);
			path = Controller;
			sourceTree = "<group>";
		};
		FA4EEE0E21F5AD8900BADE85 /* View */ = {
			isa = PBXGroup;
			children = (
				FA4EEE0F21F5AF0B00BADE85 /* CurrencyTxtField.swift */,
			);
			path = View;
			sourceTree = "<group>";
		};
		FA4EEE1621F5CD7600BADE85 /* window_shopperTests */ = {
			isa = PBXGroup;
			children = (
				FA4EEE1721F5CD7600BADE85 /* window_shopperTests.swift */,
				FA4EEE1921F5CD7600BADE85 /* Info.plist */,
			);
			path = window_shopperTests;
			sourceTree = "<group>";
		};
		FA4EEE1F21F5CD7C00BADE85 /* Model */ = {
			isa = PBXGroup;
			children = (
				FA4EEE2021F5CD8F00BADE85 /* Wage.swift */,
			);
			path = Model;
			sourceTree = "<group>";
		};
/* End PBXGroup section */

/* Begin PBXNativeTarget section */
		FA4EEDF721F5AC8800BADE85 /* window_shopper */ = {
			isa = PBXNativeTarget;
			buildConfigurationList = FA4EEE0A21F5AC8C00BADE85 /* Build configuration list for PBXNativeTarget "window_shopper" */;
			buildPhases = (
				FA4EEDF421F5AC8800BADE85 /* Sources */,
				FA4EEDF521F5AC8800BADE85 /* Frameworks */,
				FA4EEDF621F5AC8800BADE85 /* Resources */,
			);
			buildRules = (
			);
			dependencies = (
			);
			name = window_shopper;
			productName = window_shopper;
			productReference = FA4EEDF821F5AC8800BADE85 /* window_shopper.app */;
			productType = "com.apple.product-type.application";
		};
		FA4EEE1421F5CD7500BADE85 /* window_shopperTests */ = {
			isa = PBXNativeTarget;
			buildConfigurationList = FA4EEE1C21F5CD7600BADE85 /* Build configuration list for PBXNativeTarget "window_shopperTests" */;
			buildPhases = (
				FA4EEE1121F5CD7500BADE85 /* Sources */,
				FA4EEE1221F5CD7500BADE85 /* Frameworks */,
				FA4EEE1321F5CD7500BADE85 /* Resources */,
			);
			buildRules = (
			);
			dependencies = (
				FA4EEE1B21F5CD7600BADE85 /* PBXTargetDependency */,
			);
			name = window_shopperTests;
			productName = window_shopperTests;
			productReference = FA4EEE1521F5CD7500BADE85 /* window_shopperTests.xctest */;
			productType = "com.apple.product-type.bundle.unit-test";
		};
/* End PBXNativeTarget section */

/* Begin PBXProject section */
		FA4EEDF021F5AC8800BADE85 /* Project object */ = {
			isa = PBXProject;
			attributes = {
				LastSwiftUpdateCheck = 1010;
				LastUpgradeCheck = 1010;
				ORGANIZATIONNAME = "Nicolas Terrone";
				TargetAttributes = {
					FA4EEDF721F5AC8800BADE85 = {
						CreatedOnToolsVersion = 10.1;
					};
					FA4EEE1421F5CD7500BADE85 = {
						CreatedOnToolsVersion = 10.1;
						TestTargetID = FA4EEDF721F5AC8800BADE85;
					};
				};
			};
			buildConfigurationList = FA4EEDF321F5AC8800BADE85 /* Build configuration list for PBXProject "window_shopper" */;
			compatibilityVersion = "Xcode 9.3";
			developmentRegion = en;
			hasScannedForEncodings = 0;
			knownRegions = (
				en,
				Base,
			);
			mainGroup = FA4EEDEF21F5AC8800BADE85;
			productRefGroup = FA4EEDF921F5AC8800BADE85 /* Products */;
			projectDirPath = "";
			projectRoot = "";
			targets = (
				FA4EEDF721F5AC8800BADE85 /* window_shopper */,
				FA4EEE1421F5CD7500BADE85 /* window_shopperTests */,
			);
		};
/* End PBXProject section */

/* Begin PBXResourcesBuildPhase section */
		FA4EEDF621F5AC8800BADE85 /* Resources */ = {
			isa = PBXResourcesBuildPhase;
			buildActionMask = 2147483647;
			files = (
				FA4EEE0621F5AC8C00BADE85 /* LaunchScreen.storyboard in Resources */,
				FA4EEE0321F5AC8C00BADE85 /* Assets.xcassets in Resources */,
				FA4EEE0121F5AC8900BADE85 /* Main.storyboard in Resources */,
			);
			runOnlyForDeploymentPostprocessing = 0;
		};
		FA4EEE1321F5CD7500BADE85 /* Resources */ = {
			isa = PBXResourcesBuildPhase;
			buildActionMask = 2147483647;
			files = (
			);
			runOnlyForDeploymentPostprocessing = 0;
		};
/* End PBXResourcesBuildPhase section */

/* Begin PBXSourcesBuildPhase section */
		FA4EEDF421F5AC8800BADE85 /* Sources */ = {
			isa = PBXSourcesBuildPhase;
			buildActionMask = 2147483647;
			files = (
				FA4EEE1021F5AF0B00BADE85 /* CurrencyTxtField.swift in Sources */,
				FA4EEE2121F5CD8F00BADE85 /* Wage.swift in Sources */,
				FA4EEDFE21F5AC8900BADE85 /* MainVC.swift in Sources */,
				FA4EEDFC21F5AC8900BADE85 /* AppDelegate.swift in Sources */,
			);
			runOnlyForDeploymentPostprocessing = 0;
		};
		FA4EEE1121F5CD7500BADE85 /* Sources */ = {
			isa = PBXSourcesBuildPhase;
			buildActionMask = 2147483647;
			files = (
				FA4EEE1821F5CD7600BADE85 /* window_shopperTests.swift in Sources */,
				FA4EEE2221F5CD8F00BADE85 /* Wage.swift in Sources */,
			);
			runOnlyForDeploymentPostprocessing = 0;
		};
/* End PBXSourcesBuildPhase section */

/* Begin PBXTargetDependency section */
		FA4EEE1B21F5CD7600BADE85 /* PBXTargetDependency */ = {
			isa = PBXTargetDependency;
			target = FA4EEDF721F5AC8800BADE85 /* window_shopper */;
			targetProxy = FA4EEE1A21F5CD7600BADE85 /* PBXContainerItemProxy */;
		};
/* End PBXTargetDependency section */

/* Begin PBXVariantGroup section */
		FA4EEDFF21F5AC8900BADE85 /* Main.storyboard */ = {
			isa = PBXVariantGroup;
			children = (
				FA4EEE0021F5AC8900BADE85 /* Base */,
			);
			name = Main.storyboard;
			sourceTree = "<group>";
		};
		FA4EEE0421F5AC8C00BADE85 /* LaunchScreen.storyboard */ = {
			isa = PBXVariantGroup;
			children = (
				FA4EEE0521F5AC8C00BADE85 /* Base */,
			);
			name = LaunchScreen.storyboard;
			sourceTree = "<group>";
		};
/* End PBXVariantGroup section */

/* Begin XCBuildConfiguration section */
		FA4EEE0821F5AC8C00BADE85 /* Debug */ = {
			isa = XCBuildConfiguration;
			buildSettings = {
				ALWAYS_SEARCH_USER_PATHS = NO;
				CLANG_ANALYZER_NONNULL = YES;
				CLANG_ANALYZER_NUMBER_OBJECT_CONVERSION = YES_AGGRESSIVE;
				CLANG_CXX_LANGUAGE_STANDARD = "gnu++14";
				CLANG_CXX_LIBRARY = "libc++";
				CLANG_ENABLE_MODULES = YES;
				CLANG_ENABLE_OBJC_ARC = YES;
				CLANG_ENABLE_OBJC_WEAK = YES;
				CLANG_WARN_BLOCK_CAPTURE_AUTORELEASING = YES;
				CLANG_WARN_BOOL_CONVERSION = YES;
				CLANG_WARN_COMMA = YES;
				CLANG_WARN_CONSTANT_CONVERSION = YES;
				CLANG_WARN_DEPRECATED_OBJC_IMPLEMENTATIONS = YES;
				CLANG_WARN_DIRECT_OBJC_ISA_USAGE = YES_ERROR;
				CLANG_WARN_DOCUMENTATION_COMMENTS = YES;
				CLANG_WARN_EMPTY_BODY = YES;
				CLANG_WARN_ENUM_CONVERSION = YES;
				CLANG_WARN_INFINITE_RECURSION = YES;
				CLANG_WARN_INT_CONVERSION = YES;
				CLANG_WARN_NON_LITERAL_NULL_CONVERSION = YES;
				CLANG_WARN_OBJC_IMPLICIT_RETAIN_SELF = YES;
				CLANG_WARN_OBJC_LITERAL_CONVERSION = YES;
				CLANG_WARN_OBJC_ROOT_CLASS = YES_ERROR;
				CLANG_WARN_RANGE_LOOP_ANALYSIS = YES;
				CLANG_WARN_STRICT_PROTOTYPES = YES;
				CLANG_WARN_SUSPICIOUS_MOVE = YES;
				CLANG_WARN_UNGUARDED_AVAILABILITY = YES_AGGRESSIVE;
				CLANG_WARN_UNREACHABLE_CODE = YES;
				CLANG_WARN__DUPLICATE_METHOD_MATCH = YES;
				CODE_SIGN_IDENTITY = "iPhone Developer";
				COPY_PHASE_STRIP = NO;
				DEBUG_INFORMATION_FORMAT = dwarf;
				ENABLE_STRICT_OBJC_MSGSEND = YES;
				ENABLE_TESTABILITY = YES;
				GCC_C_LANGUAGE_STANDARD = gnu11;
				GCC_DYNAMIC_NO_PIC = NO;
				GCC_NO_COMMON_BLOCKS = YES;
				GCC_OPTIMIZATION_LEVEL = 0;
				GCC_PREPROCESSOR_DEFINITIONS = (
					"DEBUG=1",
					"$(inherited)",
				);
				GCC_WARN_64_TO_32_BIT_CONVERSION = YES;
				GCC_WARN_ABOUT_RETURN_TYPE = YES_ERROR;
				GCC_WARN_UNDECLARED_SELECTOR = YES;
				GCC_WARN_UNINITIALIZED_AUTOS = YES_AGGRESSIVE;
				GCC_WARN_UNUSED_FUNCTION = YES;
				GCC_WARN_UNUSED_VARIABLE = YES;
				IPHONEOS_DEPLOYMENT_TARGET = 12.1;
				MTL_ENABLE_DEBUG_INFO = INCLUDE_SOURCE;
				MTL_FAST_MATH = YES;
				ONLY_ACTIVE_ARCH = YES;
				SDKROOT = iphoneos;
				SWIFT_ACTIVE_COMPILATION_CONDITIONS = DEBUG;
				SWIFT_OPTIMIZATION_LEVEL = "-Onone";
			};
			name = Debug;
		};
		FA4EEE0921F5AC8C00BADE85 /* Release */ = {
			isa = XCBuildConfiguration;
			buildSettings = {
				ALWAYS_SEARCH_USER_PATHS = NO;
				CLANG_ANALYZER_NONNULL = YES;
				CLANG_ANALYZER_NUMBER_OBJECT_CONVERSION = YES_AGGRESSIVE;
				CLANG_CXX_LANGUAGE_STANDARD = "gnu++14";
				CLANG_CXX_LIBRARY = "libc++";
				CLANG_ENABLE_MODULES = YES;
				CLANG_ENABLE_OBJC_ARC = YES;
				CLANG_ENABLE_OBJC_WEAK = YES;
				CLANG_WARN_BLOCK_CAPTURE_AUTORELEASING = YES;
				CLANG_WARN_BOOL_CONVERSION = YES;
				CLANG_WARN_COMMA = YES;
				CLANG_WARN_CONSTANT_CONVERSION = YES;
				CLANG_WARN_DEPRECATED_OBJC_IMPLEMENTATIONS = YES;
				CLANG_WARN_DIRECT_OBJC_ISA_USAGE = YES_ERROR;
				CLANG_WARN_DOCUMENTATION_COMMENTS = YES;
				CLANG_WARN_EMPTY_BODY = YES;
				CLANG_WARN_ENUM_CONVERSION = YES;
				CLANG_WARN_INFINITE_RECURSION = YES;
				CLANG_WARN_INT_CONVERSION = YES;
				CLANG_WARN_NON_LITERAL_NULL_CONVERSION = YES;
				CLANG_WARN_OBJC_IMPLICIT_RETAIN_SELF = YES;
				CLANG_WARN_OBJC_LITERAL_CONVERSION = YES;
				CLANG_WARN_OBJC_ROOT_CLASS = YES_ERROR;
				CLANG_WARN_RANGE_LOOP_ANALYSIS = YES;
				CLANG_WARN_STRICT_PROTOTYPES = YES;
				CLANG_WARN_SUSPICIOUS_MOVE = YES;
				CLANG_WARN_UNGUARDED_AVAILABILITY = YES_AGGRESSIVE;
				CLANG_WARN_UNREACHABLE_CODE = YES;
				CLANG_WARN__DUPLICATE_METHOD_MATCH = YES;
				CODE_SIGN_IDENTITY = "iPhone Developer";
				COPY_PHASE_STRIP = NO;
				DEBUG_INFORMATION_FORMAT = "dwarf-with-dsym";
				ENABLE_NS_ASSERTIONS = NO;
				ENABLE_STRICT_OBJC_MSGSEND = YES;
				GCC_C_LANGUAGE_STANDARD = gnu11;
				GCC_NO_COMMON_BLOCKS = YES;
				GCC_WARN_64_TO_32_BIT_CONVERSION = YES;
				GCC_WARN_ABOUT_RETURN_TYPE = YES_ERROR;
				GCC_WARN_UNDECLARED_SELECTOR = YES;
				GCC_WARN_UNINITIALIZED_AUTOS = YES_AGGRESSIVE;
				GCC_WARN_UNUSED_FUNCTION = YES;
				GCC_WARN_UNUSED_VARIABLE = YES;
				IPHONEOS_DEPLOYMENT_TARGET = 12.1;
				MTL_ENABLE_DEBUG_INFO = NO;
				MTL_FAST_MATH = YES;
				SDKROOT = iphoneos;
				SWIFT_COMPILATION_MODE = wholemodule;
				SWIFT_OPTIMIZATION_LEVEL = "-O";
				VALIDATE_PRODUCT = YES;
			};
			name = Release;
		};
		FA4EEE0B21F5AC8C00BADE85 /* Debug */ = {
			isa = XCBuildConfiguration;
			buildSettings = {
				ASSETCATALOG_COMPILER_APPICON_NAME = AppIcon;
				CODE_SIGN_STYLE = Automatic;
				INFOPLIST_FILE = window_shopper/Info.plist;
				LD_RUNPATH_SEARCH_PATHS = (
					"$(inherited)",
					"@executable_path/Frameworks",
				);
				PRODUCT_BUNDLE_IDENTIFIER = "fr.nicolasterrone.window-shopper";
				PRODUCT_NAME = "$(TARGET_NAME)";
				SWIFT_VERSION = 4.2;
				TARGETED_DEVICE_FAMILY = "1,2";
			};
			name = Debug;
		};
		FA4EEE0C21F5AC8C00BADE85 /* Release */ = {
			isa = XCBuildConfiguration;
			buildSettings = {
				ASSETCATALOG_COMPILER_APPICON_NAME = AppIcon;
				CODE_SIGN_STYLE = Automatic;
				INFOPLIST_FILE = window_shopper/Info.plist;
				LD_RUNPATH_SEARCH_PATHS = (
					"$(inherited)",
					"@executable_path/Frameworks",
				);
				PRODUCT_BUNDLE_IDENTIFIER = "fr.nicolasterrone.window-shopper";
				PRODUCT_NAME = "$(TARGET_NAME)";
				SWIFT_VERSION = 4.2;
				TARGETED_DEVICE_FAMILY = "1,2";
			};
			name = Release;
		};
		FA4EEE1D21F5CD7600BADE85 /* Debug */ = {
			isa = XCBuildConfiguration;
			buildSettings = {
				BUNDLE_LOADER = "$(TEST_HOST)";
				CODE_SIGN_STYLE = Automatic;
				INFOPLIST_FILE = window_shopperTests/Info.plist;
				LD_RUNPATH_SEARCH_PATHS = (
					"$(inherited)",
					"@executable_path/Frameworks",
					"@loader_path/Frameworks",
				);
				PRODUCT_BUNDLE_IDENTIFIER = "fr.nicolasterrone.window-shopperTests";
				PRODUCT_NAME = "$(TARGET_NAME)";
				SWIFT_VERSION = 4.2;
				TARGETED_DEVICE_FAMILY = "1,2";
				TEST_HOST = "$(BUILT_PRODUCTS_DIR)/window_shopper.app/window_shopper";
			};
			name = Debug;
		};
		FA4EEE1E21F5CD7600BADE85 /* Release */ = {
			isa = XCBuildConfiguration;
			buildSettings = {
				BUNDLE_LOADER = "$(TEST_HOST)";
				CODE_SIGN_STYLE = Automatic;
				INFOPLIST_FILE = window_shopperTests/Info.plist;
				LD_RUNPATH_SEARCH_PATHS = (
					"$(inherited)",
					"@executable_path/Frameworks",
					"@loader_path/Frameworks",
				);
				PRODUCT_BUNDLE_IDENTIFIER = "fr.nicolasterrone.window-shopperTests";
				PRODUCT_NAME = "$(TARGET_NAME)";
				SWIFT_VERSION = 4.2;
				TARGETED_DEVICE_FAMILY = "1,2";
				TEST_HOST = "$(BUILT_PRODUCTS_DIR)/window_shopper.app/window_shopper";
			};
			name = Release;
		};
/* End XCBuildConfiguration section */

/* Begin XCConfigurationList section */
		FA4EEDF321F5AC8800BADE85 /* Build configuration list for PBXProject "window_shopper" */ = {
			isa = XCConfigurationList;
			buildConfigurations = (
				FA4EEE0821F5AC8C00BADE85 /* Debug */,
				FA4EEE0921F5AC8C00BADE85 /* Release */,
			);
			defaultConfigurationIsVisible = 0;
			defaultConfigurationName = Release;
		};
		FA4EEE0A21F5AC8C00BADE85 /* Build configuration list for PBXNativeTarget "window_shopper" */ = {
			isa = XCConfigurationList;
			buildConfigurations = (
				FA4EEE0B21F5AC8C00BADE85 /* Debug */,
				FA4EEE0C21F5AC8C00BADE85 /* Release */,
			);
			defaultConfigurationIsVisible = 0;
			defaultConfigurationName = Release;
		};
		FA4EEE1C21F5CD7600BADE85 /* Build configuration list for PBXNativeTarget "window_shopperTests" */ = {
			isa = XCConfigurationList;
			buildConfigurations = (
				FA4EEE1D21F5CD7600BADE85 /* Debug */,
				FA4EEE1E21F5CD7600BADE85 /* Release */,
			);
			defaultConfigurationIsVisible = 0;
			defaultConfigurationName = Release;
		};
/* End XCConfigurationList section */
	};
	rootObject = FA4EEDF021F5AC8800BADE85 /* Project object */;
}
